hash: e159f4209ccad39e8ef14c4baed59258206a32a192fae83d87985943cfce9664
updated: 2017-12-04T01:32:13.309373439+08:00
imports:
- name: github.com/bsm/sarama-cluster
  version: abf039439f66c1ce78017f560b490612552f6472
- name: github.com/flosch/pongo2
  version: 5e81b817a0c48c1c57cdf1a9056cf76bdee02ca9
- name: github.com/rcrowley/go-metrics
  version: e181e095bae94582363434144c61a9653aff6e50
- name: github.com/Shopify/sarama
  version: 6a8d89d71d22bbdc14b6cb52778889a710be19a7
- name: github.com/sirupsen/logrus
  version: 95cd2b9c79aa5e72ab0bc69b7ccc2be15bf850f6
- name: gopkg.in/yaml.v2
  version: 287cf08546ab5e7e37d55a84f7ed3fd1db036de5
testImports: []
