hash: 24152a96da5fce28b9d5163561849a8ce476b80acdf1c782ece486e8c9502462
updated: 2018-03-26T14:40:01.1937207+08:00
imports:
- name: github.com/bsm/sarama-cluster
  version: abf039439f66c1ce78017f560b490612552f6472
- name: github.com/icza/dyno
  version: 15f794d2c82a97f44c27c18fe7d1fbea385fe40b
- name: github.com/rcrowley/go-metrics
  version: e181e095bae94582363434144c61a9653aff6e50
- name: github.com/Shopify/sarama
  version: 6a8d89d71d22bbdc14b6cb52778889a710be19a7
- name: github.com/sirupsen/logrus
  version: 95cd2b9c79aa5e72ab0bc69b7ccc2be15bf850f6
- name: gopkg.in/yaml.v2
  version: 287cf08546ab5e7e37d55a84f7ed3fd1db036de5
testImports: []
